
Microsoft Visual Studio Solution File, Format Version 12.00
# Visual Studio Version 16
VisualStudioVersion = 16.0.30320.27
MinimumVisualStudioVersion = 10.0.40219.1
Project("{8BC9CEB8-8B4A-11D0-8D11-00A0C91BC942}") = "main", "main.vcxproj", "{A7CCB9F4-48FC-4EC2-902E-5B4FF0A51BC4}"
EndProject
Project("{8BC9CEB8-8B4A-11D0-8D11-00A0C91BC942}") = "2", "..\..\..\Операционные системы и среды\2\2.vcxproj", "{1E204166-9568-4785-BC42-FFAB7ECFE2D7}"
EndProject
Global
	GlobalSection(SolutionConfigurationPlatforms) = preSolution
		Debug|x64 = Debug|x64
		Debug|x86 = Debug|x86
		Release|x64 = Release|x64
		Release|x86 = Release|x86
	EndGlobalSection
	GlobalSection(ProjectConfigurationPlatforms) = postSolution
		{A7CCB9F4-48FC-4EC2-902E-5B4FF0A51BC4}.Debug|x64.ActiveCfg = Debug|x64
		{A7CCB9F4-48FC-4EC2-902E-5B4FF0A51BC4}.Debug|x64.Build.0 = Debug|x64
		{A7CCB9F4-48FC-4EC2-902E-5B4FF0A51BC4}.Debug|x86.ActiveCfg = Debug|Win32
		{A7CCB9F4-48FC-4EC2-902E-5B4FF0A51BC4}.Debug|x86.Build.0 = Debug|Win32
		{A7CCB9F4-48FC-4EC2-902E-5B4FF0A51BC4}.Release|x64.ActiveCfg = Release|x64
		{A7CCB9F4-48FC-4EC2-902E-5B4FF0A51BC4}.Release|x64.Build.0 = Release|x64
		{A7CCB9F4-48FC-4EC2-902E-5B4FF0A51BC4}.Release|x86.ActiveCfg = Release|Win32
		{A7CCB9F4-48FC-4EC2-902E-5B4FF0A51BC4}.Release|x86.Build.0 = Release|Win32
		{1E204166-9568-4785-BC42-FFAB7ECFE2D7}.Debug|x64.ActiveCfg = Debug|x64
		{1E204166-9568-4785-BC42-FFAB7ECFE2D7}.Debug|x64.Build.0 = Debug|x64
		{1E204166-9568-4785-BC42-FFAB7ECFE2D7}.Debug|x86.ActiveCfg = Debug|Win32
		{1E204166-9568-4785-BC42-FFAB7ECFE2D7}.Debug|x86.Build.0 = Debug|Win32
		{1E204166-9568-4785-BC42-FFAB7ECFE2D7}.Release|x64.ActiveCfg = Release|x64
		{1E204166-9568-4785-BC42-FFAB7ECFE2D7}.Release|x64.Build.0 = Release|x64
		{1E204166-9568-4785-BC42-FFAB7ECFE2D7}.Release|x86.ActiveCfg = Release|Win32
		{1E204166-9568-4785-BC42-FFAB7ECFE2D7}.Release|x86.Build.0 = Release|Win32
	EndGlobalSection
	GlobalSection(SolutionProperties) = preSolution
		HideSolutionNode = FALSE
	EndGlobalSection
	GlobalSection(ExtensibilityGlobals) = postSolution
		SolutionGuid = {155A2FD1-8133-4FAF-88AD-5EE37D784A7A}
	EndGlobalSection
EndGlobal
